
Microsoft Visual Studio Solution File, Format Version 12.00
# Visual Studio Version 16
VisualStudioVersion = 16.0.31410.223
MinimumVisualStudioVersion = 10.0.40219.1
Project("{9A19103F-16F7-4668-BE54-9A1E7A4F7556}") = "JOS.Tokens", "src\JOS.Tokens\JOS.Tokens.csproj", "{8E30FF6D-AD60-4F84-B094-508D5D530604}"
EndProject
Project("{2150E333-8FDC-42A3-9474-1A3956D46DE8}") = "src", "src", "{1F862EEE-A6D5-419F-A0B2-DDEDFB022F2D}"
EndProject
Project("{2150E333-8FDC-42A3-9474-1A3956D46DE8}") = "test", "test", "{F413A2B8-BB8A-40D2-BB59-6382D7B6AEE4}"
EndProject
Project("{FAE04EC0-301F-11D3-BF4B-00C04F79EFBC}") = "JOS.Tokens.Tests", "test\JOS.Tokens.Tests\JOS.Tokens.Tests.csproj", "{C1710672-384A-46F9-BED1-06451F40482A}"
EndProject
Global
	GlobalSection(SolutionConfigurationPlatforms) = preSolution
		Debug|Any CPU = Debug|Any CPU
		Release|Any CPU = Release|Any CPU
	EndGlobalSection
	GlobalSection(ProjectConfigurationPlatforms) = postSolution
		{8E30FF6D-AD60-4F84-B094-508D5D530604}.Debug|Any CPU.ActiveCfg = Debug|Any CPU
		{8E30FF6D-AD60-4F84-B094-508D5D530604}.Debug|Any CPU.Build.0 = Debug|Any CPU
		{8E30FF6D-AD60-4F84-B094-508D5D530604}.Release|Any CPU.ActiveCfg = Release|Any CPU
		{8E30FF6D-AD60-4F84-B094-508D5D530604}.Release|Any CPU.Build.0 = Release|Any CPU
		{C1710672-384A-46F9-BED1-06451F40482A}.Debug|Any CPU.ActiveCfg = Debug|Any CPU
		{C1710672-384A-46F9-BED1-06451F40482A}.Debug|Any CPU.Build.0 = Debug|Any CPU
		{C1710672-384A-46F9-BED1-06451F40482A}.Release|Any CPU.ActiveCfg = Release|Any CPU
		{C1710672-384A-46F9-BED1-06451F40482A}.Release|Any CPU.Build.0 = Release|Any CPU
	EndGlobalSection
	GlobalSection(SolutionProperties) = preSolution
		HideSolutionNode = FALSE
	EndGlobalSection
	GlobalSection(NestedProjects) = preSolution
		{8E30FF6D-AD60-4F84-B094-508D5D530604} = {1F862EEE-A6D5-419F-A0B2-DDEDFB022F2D}
		{C1710672-384A-46F9-BED1-06451F40482A} = {F413A2B8-BB8A-40D2-BB59-6382D7B6AEE4}
	EndGlobalSection
	GlobalSection(ExtensibilityGlobals) = postSolution
		SolutionGuid = {7C454D73-04CD-41D7-8AA4-7A2E57670CC7}
	EndGlobalSection
EndGlobal
